
Microsoft Visual Studio Solution File, Format Version 12.00
# Visual Studio Version 16
VisualStudioVersion = 16.0.30717.126
MinimumVisualStudioVersion = 10.0.40219.1
Project("{FAE04EC0-301F-11D3-BF4B-00C04F79EFBC}") = "APIGateway", "APIGateway\APIGateway.csproj", "{DD44E476-D002-42A5-8161-868390A212EE}"
EndProject
Project("{2150E333-8FDC-42A3-9474-1A3956D46DE8}") = "Services", "Services", "{1B4ECB94-90F1-4A66-908D-E6F212A68AF3}"
EndProject
Project("{FAE04EC0-301F-11D3-BF4B-00C04F79EFBC}") = "Contact.API", "Services\ContactAPI\Contact.API\Contact.API.csproj", "{A6C23078-1090-4B56-95F8-94CC817DEC63}"
EndProject
Project("{FAE04EC0-301F-11D3-BF4B-00C04F79EFBC}") = "Reservation.API", "Services\ResAPI\Reservation.API\Reservation.API.csproj", "{C7E9A03D-0298-459B-9C06-6A770A851C11}"
EndProject
Project("{2150E333-8FDC-42A3-9474-1A3956D46DE8}") = "ContactAPI", "ContactAPI", "{7622D96E-0927-4B00-AB7F-2750AD54711B}"
EndProject
Project("{2150E333-8FDC-42A3-9474-1A3956D46DE8}") = "ReservationAPI", "ReservationAPI", "{C1B027BE-FA6B-4254-B36D-6F9B042A5FB9}"
EndProject
Project("{FAE04EC0-301F-11D3-BF4B-00C04F79EFBC}") = "Contact.API.Infrastructure", "Services\ContactAPI\Contact.API.Infrastructure\Contact.API.Infrastructure.csproj", "{33AB83D0-D85C-4721-AEA4-037D6A26EF1A}"
EndProject
Project("{FAE04EC0-301F-11D3-BF4B-00C04F79EFBC}") = "Contact.API.Models", "Services\ContactAPI\Contact.API.Models\Contact.API.Models.csproj", "{665B7663-36DE-43AC-9BFB-3F5852354C0C}"
EndProject
Project("{FAE04EC0-301F-11D3-BF4B-00C04F79EFBC}") = "Contact.API.Services", "Services\ContactAPI\Contact.API.Services\Contact.API.Services.csproj", "{7346A807-3CA2-4939-938C-97AC8BDA3049}"
EndProject
Project("{FAE04EC0-301F-11D3-BF4B-00C04F79EFBC}") = "Reservation.API.Infrastructure", "Services\ResAPI\Reservation.API.Infrastructure\Reservation.API.Infrastructure.csproj", "{CCCD56E6-41BB-49F5-8D0D-55A8738BBD7A}"
EndProject
Project("{FAE04EC0-301F-11D3-BF4B-00C04F79EFBC}") = "Reservation.API.Models", "Services\ResAPI\Reservation.API.Models\Reservation.API.Models.csproj", "{CBC16E60-F79B-4B09-B298-CA829B452AC3}"
EndProject
Project("{FAE04EC0-301F-11D3-BF4B-00C04F79EFBC}") = "Reservation.API.Services", "Services\ResAPI\Reservation.API.Services\Reservation.API.Services.csproj", "{C814842E-9177-4604-B997-4BF3B8320A3B}"
EndProject
Project("{2150E333-8FDC-42A3-9474-1A3956D46DE8}") = "Solution Items", "Solution Items", "{0B0F8014-E966-43B2-955C-BF29859530A9}"
	ProjectSection(SolutionItems) = preProject
		docker-compose.yml = docker-compose.yml
	EndProjectSection
EndProject
Global
	GlobalSection(SolutionConfigurationPlatforms) = preSolution
		Debug|Any CPU = Debug|Any CPU
		Release|Any CPU = Release|Any CPU
	EndGlobalSection
	GlobalSection(ProjectConfigurationPlatforms) = postSolution
		{DD44E476-D002-42A5-8161-868390A212EE}.Debug|Any CPU.ActiveCfg = Debug|Any CPU
		{DD44E476-D002-42A5-8161-868390A212EE}.Debug|Any CPU.Build.0 = Debug|Any CPU
		{DD44E476-D002-42A5-8161-868390A212EE}.Release|Any CPU.ActiveCfg = Release|Any CPU
		{DD44E476-D002-42A5-8161-868390A212EE}.Release|Any CPU.Build.0 = Release|Any CPU
		{A6C23078-1090-4B56-95F8-94CC817DEC63}.Debug|Any CPU.ActiveCfg = Debug|Any CPU
		{A6C23078-1090-4B56-95F8-94CC817DEC63}.Debug|Any CPU.Build.0 = Debug|Any CPU
		{A6C23078-1090-4B56-95F8-94CC817DEC63}.Release|Any CPU.ActiveCfg = Release|Any CPU
		{A6C23078-1090-4B56-95F8-94CC817DEC63}.Release|Any CPU.Build.0 = Release|Any CPU
		{C7E9A03D-0298-459B-9C06-6A770A851C11}.Debug|Any CPU.ActiveCfg = Debug|Any CPU
		{C7E9A03D-0298-459B-9C06-6A770A851C11}.Debug|Any CPU.Build.0 = Debug|Any CPU
		{C7E9A03D-0298-459B-9C06-6A770A851C11}.Release|Any CPU.ActiveCfg = Release|Any CPU
		{C7E9A03D-0298-459B-9C06-6A770A851C11}.Release|Any CPU.Build.0 = Release|Any CPU
		{33AB83D0-D85C-4721-AEA4-037D6A26EF1A}.Debug|Any CPU.ActiveCfg = Debug|Any CPU
		{33AB83D0-D85C-4721-AEA4-037D6A26EF1A}.Debug|Any CPU.Build.0 = Debug|Any CPU
		{33AB83D0-D85C-4721-AEA4-037D6A26EF1A}.Release|Any CPU.ActiveCfg = Release|Any CPU
		{33AB83D0-D85C-4721-AEA4-037D6A26EF1A}.Release|Any CPU.Build.0 = Release|Any CPU
		{665B7663-36DE-43AC-9BFB-3F5852354C0C}.Debug|Any CPU.ActiveCfg = Debug|Any CPU
		{665B7663-36DE-43AC-9BFB-3F5852354C0C}.Debug|Any CPU.Build.0 = Debug|Any CPU
		{665B7663-36DE-43AC-9BFB-3F5852354C0C}.Release|Any CPU.ActiveCfg = Release|Any CPU
		{665B7663-36DE-43AC-9BFB-3F5852354C0C}.Release|Any CPU.Build.0 = Release|Any CPU
		{7346A807-3CA2-4939-938C-97AC8BDA3049}.Debug|Any CPU.ActiveCfg = Debug|Any CPU
		{7346A807-3CA2-4939-938C-97AC8BDA3049}.Debug|Any CPU.Build.0 = Debug|Any CPU
		{7346A807-3CA2-4939-938C-97AC8BDA3049}.Release|Any CPU.ActiveCfg = Release|Any CPU
		{7346A807-3CA2-4939-938C-97AC8BDA3049}.Release|Any CPU.Build.0 = Release|Any CPU
		{CCCD56E6-41BB-49F5-8D0D-55A8738BBD7A}.Debug|Any CPU.ActiveCfg = Debug|Any CPU
		{CCCD56E6-41BB-49F5-8D0D-55A8738BBD7A}.Debug|Any CPU.Build.0 = Debug|Any CPU
		{CCCD56E6-41BB-49F5-8D0D-55A8738BBD7A}.Release|Any CPU.ActiveCfg = Release|Any CPU
		{CCCD56E6-41BB-49F5-8D0D-55A8738BBD7A}.Release|Any CPU.Build.0 = Release|Any CPU
		{CBC16E60-F79B-4B09-B298-CA829B452AC3}.Debug|Any CPU.ActiveCfg = Debug|Any CPU
		{CBC16E60-F79B-4B09-B298-CA829B452AC3}.Debug|Any CPU.Build.0 = Debug|Any CPU
		{CBC16E60-F79B-4B09-B298-CA829B452AC3}.Release|Any CPU.ActiveCfg = Release|Any CPU
		{CBC16E60-F79B-4B09-B298-CA829B452AC3}.Release|Any CPU.Build.0 = Release|Any CPU
		{C814842E-9177-4604-B997-4BF3B8320A3B}.Debug|Any CPU.ActiveCfg = Debug|Any CPU
		{C814842E-9177-4604-B997-4BF3B8320A3B}.Debug|Any CPU.Build.0 = Debug|Any CPU
		{C814842E-9177-4604-B997-4BF3B8320A3B}.Release|Any CPU.ActiveCfg = Release|Any CPU
		{C814842E-9177-4604-B997-4BF3B8320A3B}.Release|Any CPU.Build.0 = Release|Any CPU
	EndGlobalSection
	GlobalSection(SolutionProperties) = preSolution
		HideSolutionNode = FALSE
	EndGlobalSection
	GlobalSection(NestedProjects) = preSolution
		{A6C23078-1090-4B56-95F8-94CC817DEC63} = {7622D96E-0927-4B00-AB7F-2750AD54711B}
		{C7E9A03D-0298-459B-9C06-6A770A851C11} = {C1B027BE-FA6B-4254-B36D-6F9B042A5FB9}
		{7622D96E-0927-4B00-AB7F-2750AD54711B} = {1B4ECB94-90F1-4A66-908D-E6F212A68AF3}
		{C1B027BE-FA6B-4254-B36D-6F9B042A5FB9} = {1B4ECB94-90F1-4A66-908D-E6F212A68AF3}
		{33AB83D0-D85C-4721-AEA4-037D6A26EF1A} = {7622D96E-0927-4B00-AB7F-2750AD54711B}
		{665B7663-36DE-43AC-9BFB-3F5852354C0C} = {7622D96E-0927-4B00-AB7F-2750AD54711B}
		{7346A807-3CA2-4939-938C-97AC8BDA3049} = {7622D96E-0927-4B00-AB7F-2750AD54711B}
		{CCCD56E6-41BB-49F5-8D0D-55A8738BBD7A} = {C1B027BE-FA6B-4254-B36D-6F9B042A5FB9}
		{CBC16E60-F79B-4B09-B298-CA829B452AC3} = {C1B027BE-FA6B-4254-B36D-6F9B042A5FB9}
		{C814842E-9177-4604-B997-4BF3B8320A3B} = {C1B027BE-FA6B-4254-B36D-6F9B042A5FB9}
	EndGlobalSection
	GlobalSection(ExtensibilityGlobals) = postSolution
		SolutionGuid = {23B08934-EC66-4528-BC5A-64898BA32A82}
	EndGlobalSection
EndGlobal
